
Microsoft Visual Studio Solution File, Format Version 12.00
# Visual Studio Version 17
VisualStudioVersion = 17.9.34616.47
MinimumVisualStudioVersion = 10.0.40219.1
Project("{2150E333-8FDC-42A3-9474-1A3956D46DE8}") = "src", "src", "{F9699F01-FD3B-4B21-8097-6FC886C2F67C}"
EndProject
Project("{2150E333-8FDC-42A3-9474-1A3956D46DE8}") = "tests", "tests", "{0C31B83E-94A4-42EE-B8D1-C5985737E1E8}"
EndProject
Project("{2150E333-8FDC-42A3-9474-1A3956D46DE8}") = "UI", "UI", "{89177D6B-4524-4643-A9D1-E18EEB73DA91}"
EndProject
Project("{2150E333-8FDC-42A3-9474-1A3956D46DE8}") = "Core", "Core", "{C4805FB9-A611-42AF-B12B-1B59C1D04398}"
EndProject
Project("{2150E333-8FDC-42A3-9474-1A3956D46DE8}") = "Infrastructure", "Infrastructure", "{9010C3E7-AF4A-4C09-9720-2C0B21CC7B56}"
EndProject
Project("{9A19103F-16F7-4668-BE54-9A1E7A4F7556}") = "HRLeaveManagement.Domain", "src\Core\HRLeaveManagement.Domain\HRLeaveManagement.Domain.csproj", "{106CBB75-829F-4643-ADD3-A5F6FE87FD0E}"
EndProject
Project("{9A19103F-16F7-4668-BE54-9A1E7A4F7556}") = "HRLeaveManagement.Application", "src\Core\HRLeaveManagement.Application\HRLeaveManagement.Application.csproj", "{BCF35435-574B-4CA2-9631-ADC9336AD24F}"
EndProject
Project("{9A19103F-16F7-4668-BE54-9A1E7A4F7556}") = "HRLeaveManagement.Persistence", "src\Infrastructure\HRLeaveManagement.Persistence\HRLeaveManagement.Persistence.csproj", "{1BAD2A99-B831-49A8-A6DB-5F56E8C0EC5D}"
EndProject
Project("{9A19103F-16F7-4668-BE54-9A1E7A4F7556}") = "HRLeaveManagement.Infrastructure", "src\Infrastructure\HRLeaveManagement.Infrastructure\HRLeaveManagement.Infrastructure.csproj", "{0B5DFD70-986F-4174-A768-D0CB784DC476}"
EndProject
Project("{9A19103F-16F7-4668-BE54-9A1E7A4F7556}") = "HRLeaveManagement.Application.Tests", "tests\HRLeaveManagement.Application.Tests\HRLeaveManagement.Application.Tests.csproj", "{D30F6E7C-4720-4F8D-8618-F5C95C13729F}"
EndProject
Project("{9A19103F-16F7-4668-BE54-9A1E7A4F7556}") = "HRLeaveManagement.Persistence.IntegrationTests", "tests\HRLeaveManagement.Persistence.IntegrationTests\HRLeaveManagement.Persistence.IntegrationTests.csproj", "{865369A6-5673-44DC-AD4D-CF6DD04DC890}"
EndProject
Project("{9A19103F-16F7-4668-BE54-9A1E7A4F7556}") = "HRLeaveManagement.BlazorUI", "src\UI\HRLeaveManagement.BlazorUI\HRLeaveManagement.BlazorUI.csproj", "{301FDEFA-A6C3-4454-89D9-59E87D9E2AA1}"
EndProject
Project("{9A19103F-16F7-4668-BE54-9A1E7A4F7556}") = "HRLeaveManagement.Identity", "src\Infrastructure\HRLeaveManagement.Identity\HRLeaveManagement.Identity.csproj", "{DA26BD1A-7FE8-4105-8BD2-AE1A34A9DB5F}"
EndProject
Project("{9A19103F-16F7-4668-BE54-9A1E7A4F7556}") = "HRLeaveManagement.Api", "src\API\HRLeaveManagement.Api\HRLeaveManagement.Api.csproj", "{74987D0E-C3F4-4EA8-9894-17A1BDED0054}"
EndProject
Project("{2150E333-8FDC-42A3-9474-1A3956D46DE8}") = "API", "API", "{B905E3F6-75E7-49E2-96E8-AAF60D1696B3}"
EndProject
Global
	GlobalSection(SolutionConfigurationPlatforms) = preSolution
		Debug|Any CPU = Debug|Any CPU
		Release|Any CPU = Release|Any CPU
	EndGlobalSection
	GlobalSection(ProjectConfigurationPlatforms) = postSolution
		{106CBB75-829F-4643-ADD3-A5F6FE87FD0E}.Debug|Any CPU.ActiveCfg = Debug|Any CPU
		{106CBB75-829F-4643-ADD3-A5F6FE87FD0E}.Debug|Any CPU.Build.0 = Debug|Any CPU
		{106CBB75-829F-4643-ADD3-A5F6FE87FD0E}.Release|Any CPU.ActiveCfg = Release|Any CPU
		{106CBB75-829F-4643-ADD3-A5F6FE87FD0E}.Release|Any CPU.Build.0 = Release|Any CPU
		{BCF35435-574B-4CA2-9631-ADC9336AD24F}.Debug|Any CPU.ActiveCfg = Debug|Any CPU
		{BCF35435-574B-4CA2-9631-ADC9336AD24F}.Debug|Any CPU.Build.0 = Debug|Any CPU
		{BCF35435-574B-4CA2-9631-ADC9336AD24F}.Release|Any CPU.ActiveCfg = Release|Any CPU
		{BCF35435-574B-4CA2-9631-ADC9336AD24F}.Release|Any CPU.Build.0 = Release|Any CPU
		{1BAD2A99-B831-49A8-A6DB-5F56E8C0EC5D}.Debug|Any CPU.ActiveCfg = Debug|Any CPU
		{1BAD2A99-B831-49A8-A6DB-5F56E8C0EC5D}.Debug|Any CPU.Build.0 = Debug|Any CPU
		{1BAD2A99-B831-49A8-A6DB-5F56E8C0EC5D}.Release|Any CPU.ActiveCfg = Release|Any CPU
		{1BAD2A99-B831-49A8-A6DB-5F56E8C0EC5D}.Release|Any CPU.Build.0 = Release|Any CPU
		{0B5DFD70-986F-4174-A768-D0CB784DC476}.Debug|Any CPU.ActiveCfg = Debug|Any CPU
		{0B5DFD70-986F-4174-A768-D0CB784DC476}.Debug|Any CPU.Build.0 = Debug|Any CPU
		{0B5DFD70-986F-4174-A768-D0CB784DC476}.Release|Any CPU.ActiveCfg = Release|Any CPU
		{0B5DFD70-986F-4174-A768-D0CB784DC476}.Release|Any CPU.Build.0 = Release|Any CPU
		{D30F6E7C-4720-4F8D-8618-F5C95C13729F}.Debug|Any CPU.ActiveCfg = Debug|Any CPU
		{D30F6E7C-4720-4F8D-8618-F5C95C13729F}.Debug|Any CPU.Build.0 = Debug|Any CPU
		{D30F6E7C-4720-4F8D-8618-F5C95C13729F}.Release|Any CPU.ActiveCfg = Release|Any CPU
		{D30F6E7C-4720-4F8D-8618-F5C95C13729F}.Release|Any CPU.Build.0 = Release|Any CPU
		{865369A6-5673-44DC-AD4D-CF6DD04DC890}.Debug|Any CPU.ActiveCfg = Debug|Any CPU
		{865369A6-5673-44DC-AD4D-CF6DD04DC890}.Debug|Any CPU.Build.0 = Debug|Any CPU
		{865369A6-5673-44DC-AD4D-CF6DD04DC890}.Release|Any CPU.ActiveCfg = Release|Any CPU
		{865369A6-5673-44DC-AD4D-CF6DD04DC890}.Release|Any CPU.Build.0 = Release|Any CPU
		{301FDEFA-A6C3-4454-89D9-59E87D9E2AA1}.Debug|Any CPU.ActiveCfg = Debug|Any CPU
		{301FDEFA-A6C3-4454-89D9-59E87D9E2AA1}.Debug|Any CPU.Build.0 = Debug|Any CPU
		{301FDEFA-A6C3-4454-89D9-59E87D9E2AA1}.Release|Any CPU.ActiveCfg = Release|Any CPU
		{301FDEFA-A6C3-4454-89D9-59E87D9E2AA1}.Release|Any CPU.Build.0 = Release|Any CPU
		{DA26BD1A-7FE8-4105-8BD2-AE1A34A9DB5F}.Debug|Any CPU.ActiveCfg = Debug|Any CPU
		{DA26BD1A-7FE8-4105-8BD2-AE1A34A9DB5F}.Debug|Any CPU.Build.0 = Debug|Any CPU
		{DA26BD1A-7FE8-4105-8BD2-AE1A34A9DB5F}.Release|Any CPU.ActiveCfg = Release|Any CPU
		{DA26BD1A-7FE8-4105-8BD2-AE1A34A9DB5F}.Release|Any CPU.Build.0 = Release|Any CPU
		{74987D0E-C3F4-4EA8-9894-17A1BDED0054}.Debug|Any CPU.ActiveCfg = Debug|Any CPU
		{74987D0E-C3F4-4EA8-9894-17A1BDED0054}.Debug|Any CPU.Build.0 = Debug|Any CPU
		{74987D0E-C3F4-4EA8-9894-17A1BDED0054}.Release|Any CPU.ActiveCfg = Release|Any CPU
		{74987D0E-C3F4-4EA8-9894-17A1BDED0054}.Release|Any CPU.Build.0 = Release|Any CPU
	EndGlobalSection
	GlobalSection(SolutionProperties) = preSolution
		HideSolutionNode = FALSE
	EndGlobalSection
	GlobalSection(NestedProjects) = preSolution
		{89177D6B-4524-4643-A9D1-E18EEB73DA91} = {F9699F01-FD3B-4B21-8097-6FC886C2F67C}
		{C4805FB9-A611-42AF-B12B-1B59C1D04398} = {F9699F01-FD3B-4B21-8097-6FC886C2F67C}
		{9010C3E7-AF4A-4C09-9720-2C0B21CC7B56} = {F9699F01-FD3B-4B21-8097-6FC886C2F67C}
		{106CBB75-829F-4643-ADD3-A5F6FE87FD0E} = {C4805FB9-A611-42AF-B12B-1B59C1D04398}
		{BCF35435-574B-4CA2-9631-ADC9336AD24F} = {C4805FB9-A611-42AF-B12B-1B59C1D04398}
		{1BAD2A99-B831-49A8-A6DB-5F56E8C0EC5D} = {9010C3E7-AF4A-4C09-9720-2C0B21CC7B56}
		{0B5DFD70-986F-4174-A768-D0CB784DC476} = {9010C3E7-AF4A-4C09-9720-2C0B21CC7B56}
		{D30F6E7C-4720-4F8D-8618-F5C95C13729F} = {0C31B83E-94A4-42EE-B8D1-C5985737E1E8}
		{865369A6-5673-44DC-AD4D-CF6DD04DC890} = {0C31B83E-94A4-42EE-B8D1-C5985737E1E8}
		{301FDEFA-A6C3-4454-89D9-59E87D9E2AA1} = {89177D6B-4524-4643-A9D1-E18EEB73DA91}
		{DA26BD1A-7FE8-4105-8BD2-AE1A34A9DB5F} = {9010C3E7-AF4A-4C09-9720-2C0B21CC7B56}
		{74987D0E-C3F4-4EA8-9894-17A1BDED0054} = {B905E3F6-75E7-49E2-96E8-AAF60D1696B3}
		{B905E3F6-75E7-49E2-96E8-AAF60D1696B3} = {F9699F01-FD3B-4B21-8097-6FC886C2F67C}
	EndGlobalSection
	GlobalSection(ExtensibilityGlobals) = postSolution
		SolutionGuid = {4960300D-EB39-49E0-B878-D11CD7D4B667}
	EndGlobalSection
EndGlobal
